# THIS IS AN AUTOGENERATED FILE. DO NOT EDIT THIS FILE DIRECTLY.
# yarn lockfile v1


"@emotion/is-prop-valid@^0.7.3":
  version "0.7.3"
  resolved "https://registry.yarnpkg.com/@emotion/is-prop-valid/-/is-prop-valid-0.7.3.tgz#a6bf4fa5387cbba59d44e698a4680f481a8da6cc"
  integrity sha512-uxJqm/sqwXw3YPA5GXX365OBcJGFtxUVkB6WyezqFHlNe9jqUWH5ur2O2M8dGBz61kn1g3ZBlzUunFQXQIClhA==
  dependencies:
    "@emotion/memoize" "0.7.1"

"@emotion/memoize@0.7.1":
  version "0.7.1"
  resolved "https://registry.yarnpkg.com/@emotion/memoize/-/memoize-0.7.1.tgz#e93c13942592cf5ef01aa8297444dc192beee52f"
  integrity sha512-Qv4LTqO11jepd5Qmlp3M1YEjBumoTHcHFdgPTQ+sFlIL5myi/7xu/POwP7IRu6odBdmLXdtIs1D6TuW6kbwbbg==

"@popmotion/easing@^1.0.1":
  version "1.0.2"
  resolved "https://registry.yarnpkg.com/@popmotion/easing/-/easing-1.0.2.tgz#17d925c45b4bf44189e5a38038d149df42d8c0b4"
  integrity sha512-IkdW0TNmRnWTeWI7aGQIVDbKXPWHVEYdGgd5ZR4SH/Ty/61p63jCjrPxX1XrR7IGkl08bjhJROStD7j+RKgoIw==

"@popmotion/popcorn@^0.3.6":
  version "0.3.6"
  resolved "https://registry.yarnpkg.com/@popmotion/popcorn/-/popcorn-0.3.6.tgz#eb4e3a04dd45c9516cc55b3350760ff47d7d55da"
  integrity sha512-B8Hdk4LOjCHTIiUd9KfD+9PgLR2iSe9T/X5G9IAl055KY2iAqodIEtTlO6EBpjP8tQWVfI3C4A/fEf0RqYqPPw==
  dependencies:
    "@popmotion/easing" "^1.0.1"
    framesync "^4.0.1"
    hey-listen "^1.0.5"
    style-value-types "^3.1.0"

"@types/prop-types@*":
  version "15.7.0"
  resolved "https://registry.yarnpkg.com/@types/prop-types/-/prop-types-15.7.0.tgz#4c48fed958d6dcf9487195a0ef6456d5f6e0163a"
  integrity sha512-eItQyV43bj4rR3JPV0Skpl1SncRCdziTEK9/v8VwXmV6d/qOUO8/EuWeHBbCZcsfSHfzI5UyMJLCSXtxxznyZg==

"@types/react@^16.4.16":
  version "16.8.13"
  resolved "https://registry.yarnpkg.com/@types/react/-/react-16.8.13.tgz#a82b15aad9ab91c40edca0d6889b7745ae24f053"
  integrity sha512-otJ4ntMuHGrvm67CdDJMAls4WqotmAmW0g3HmWi9LCjSWXrxoXY/nHXrtmMfvPEEmGFNm6NdgMsJmnfH820Qaw==
  dependencies:
    "@types/prop-types" "*"
    csstype "^2.2.0"

csstype@^2.2.0:
  version "2.6.3"
  resolved "https://registry.yarnpkg.com/csstype/-/csstype-2.6.3.tgz#b701e5968245bf9b08d54ac83d00b624e622a9fa"
  integrity sha512-rINUZXOkcBmoHWEyu7JdHu5JMzkGRoMX4ov9830WNgxf5UYxcBUO0QTKAqeJ5EZfSdlrcJYkC8WwfVW7JYi4yg==

framer-motion@^0.15.1:
  version "0.15.1"
  resolved "https://registry.yarnpkg.com/framer-motion/-/framer-motion-0.15.1.tgz#0f226880627f372c95fb81f1cf818219224d8d66"
  integrity sha512-c78XYBHy+dVMmtuX1cimL8FQ+Nw+AXPvPAO5v4qUPIdRpML2s8Y9VImvWVJ3hJhuLcY3e1vPffhpwpsP55QzmA==
  dependencies:
    "@emotion/is-prop-valid" "^0.7.3"
    "@popmotion/popcorn" "^0.3.6"
    framesync "^4.0.2"
    hey-listen "^1.0.8"
    popmotion "^8.6.8"
    style-value-types "^3.1.0"
    stylefire "^4.1.0"

"framer@^0.10.5 || ^1":
  version "1.0.1"
  resolved "https://registry.yarnpkg.com/framer/-/framer-1.0.1.tgz#86a8f479227fb56551b43ab440c27a04f288d2dc"
  integrity sha512-BtQOpJJIfa6yvn83sHoxFcvo++Hxbx8v6eztz8rIa13mRPM93oOe5khJBHMaD1kF1ANAbTeBCgU3QtxZcmNBrg==
  dependencies:
    style-value-types "^3.1.4"

framesync@^4.0.0, framesync@^4.0.1, framesync@^4.0.2:
  version "4.0.2"
  resolved "https://registry.yarnpkg.com/framesync/-/framesync-4.0.2.tgz#b03b62852f12b0d80086b60834b089718f03cda5"
  integrity sha512-hQLD5NURHmzB4Symo6JJ5HDw2TWwhr6T3gw9aChNMsZvkxcD8U8Gcz/hllAOOMGE+HO3ScpRPahpXDQRgF19JQ==
  dependencies:
    hey-listen "^1.0.5"

hey-listen@^1.0.4, hey-listen@^1.0.5, hey-listen@^1.0.8:
  version "1.0.8"
  resolved "https://registry.yarnpkg.com/hey-listen/-/hey-listen-1.0.8.tgz#8e59561ff724908de1aa924ed6ecc84a56a9aa68"
  integrity sha512-COpmrF2NOg4TBWUJ5UVyaCU2A88wEMkUPK4hNqyCkqHbxT92BbvfjoSozkAIIm6XhicGlJHhFdullInrdhwU8Q==

popmotion@^8.6.8:
  version "8.6.8"
  resolved "https://registry.yarnpkg.com/popmotion/-/popmotion-8.6.8.tgz#ccc1eaf1613f0611ba6b48d8171c25a518a1e917"
  integrity sha512-BRzdgEHLqicl18RH2+gev/gVAQsU6OJD2eXii+J8Jabvw//fTNdkKIi+o8YM1cFU2QH+bnAAr0PEC3eiXMPJ1w==
  dependencies:
    "@popmotion/easing" "^1.0.1"
    "@popmotion/popcorn" "^0.3.6"
    framesync "^4.0.0"
    hey-listen "^1.0.5"
    style-value-types "^3.1.0"
    stylefire "2.4.3"
    tslib "^1.9.1"

style-value-types@3.1.0, style-value-types@^3.0.6, style-value-types@^3.1.0:
  version "3.1.0"
  resolved "https://registry.yarnpkg.com/style-value-types/-/style-value-types-3.1.0.tgz#07e06090e7581adff4c7955d544c1029d0663795"
  integrity sha512-7eaMZ8RKWIQUKHPQK7qv3zLYmvZNb2pCmO4WguXdVFymd2Qj9xqSUoo7LQ8Wd8eiLuoSd+uqzsvcodyvD8nn6Q==

style-value-types@^3.1.4:
  version "3.1.4"
  resolved "https://registry.yarnpkg.com/style-value-types/-/style-value-types-3.1.4.tgz#8c0959d26405eb0cbad40097b496220d41c22169"
  integrity sha512-jHxRZWQpx6imY+QIveHTZwGOJWJqX3Cmt6Yk1zCGeQjk4noEsX+lfvFJUmRPpZL3VTrfGrHtjVWTcvcHx/OFhQ==
  dependencies:
    hey-listen "^1.0.8"

stylefire@2.4.3:
  version "2.4.3"
  resolved "https://registry.yarnpkg.com/stylefire/-/stylefire-2.4.3.tgz#1b39847251000bda86ebf82fa2bb4be7dafe6bc4"
  integrity sha512-8rckFzuDlVWSyrkmnyTg8avadQavk2t6YkFKUUocsXoj/8NScOjb+/avbB4nrmoPtzD0kN7IyuhKq8jimIBTBQ==
  dependencies:
    framesync "^4.0.0"
    hey-listen "^1.0.4"
    style-value-types "^3.0.6"

stylefire@^4.1.0:
  version "4.1.0"
  resolved "https://registry.yarnpkg.com/stylefire/-/stylefire-4.1.0.tgz#859da6d98955e1e7e567be2305567819720d3b65"
  integrity sha512-DzrFVxqZ89QZt2qwNiMoEYPWPixtDdv48bCjDVHgokKAG7ZLK4YWjpDG3+AYD6tnIKpYCKjUXk0HcJFL8fl3Kw==
  dependencies:
    "@popmotion/popcorn" "^0.3.6"
    framesync "^4.0.0"
    hey-listen "^1.0.4"
    style-value-types "3.1.0"

tslib@^1.9.1:
  version "1.9.3"
  resolved "https://registry.yarnpkg.com/tslib/-/tslib-1.9.3.tgz#d7e4dd79245d85428c4d7e4822a79917954ca286"
  integrity sha512-4krF8scpejhaOgqzBEcGM7yDIEfi0/8+8zDRZhNZZ2kjmHJ4hv3zCbQWxoJGz1iw5U0Jl0nma13xzHXcncMavQ==
