# THIS IS AN AUTOGENERATED FILE. DO NOT EDIT THIS FILE DIRECTLY.
# yarn lockfile v1


"@types/prop-types@*":
  version "15.5.6"
  resolved "https://registry.yarnpkg.com/@types/prop-types/-/prop-types-15.5.6.tgz#9c03d3fed70a8d517c191b7734da2879b50ca26c"

"@types/react@^16.4.16":
  version "16.4.16"
  resolved "https://registry.yarnpkg.com/@types/react/-/react-16.4.16.tgz#99f91b1200ae8c2062030402006d3b3c3a177043"
  dependencies:
    "@types/prop-types" "*"
    csstype "^2.2.0"

csstype@^2.2.0:
  version "2.5.5"
  resolved "https://registry.yarnpkg.com/csstype/-/csstype-2.5.5.tgz#4125484a3d42189a863943f23b9e4b80fedfa106"
